{
  "name": "tree-sitter-webfluent",
  "version": "1.0.0",
  "lockfileVersion": 3,
  "requires": true,
  "packages": {
    "": {
      "name": "tree-sitter-webfluent",
      "version": "1.0.0",
      "license": "GPL-3.0",
      "devDependencies": {
        "tree-sitter-cli": "^0.24.0"
      }
    },
    "node_modules/tree-sitter-cli": {
      "version": "0.24.0",
      "resolved": "https://registry.npmjs.org/tree-sitter-cli/-/tree-sitter-cli-0.24.0.tgz",
      "integrity": "sha512-Lmj3xvI8maxFZQSuFt4BuixNa9YHQK4sFrtUCJ1AAhvT/xTcDY2krz33mFZeFlnPrjaeUjxq/UXvVNbokoFz+A==",
      "dev": true,
      "hasInstallScript": true,
      "license": "MIT",
      "bin": {
        "tree-sitter": "cli.js"
      },
      "engines": {
        "node": ">=12.0.0"
      }
    }
  }
}
